
Microsoft Visual Studio Solution File, Format Version 12.00
# Visual Studio 15
VisualStudioVersion = 15.0.27703.2026
MinimumVisualStudioVersion = 10.0.40219.1
Project("{9A19103F-16F7-4668-BE54-9A1E7A4F7556}") = "devitecnologia.api.client", "devitecnologia.api.client\devitecnologia.api.client.csproj", "{CCE533AE-4C2A-4FEB-8797-894BA6950E62}"
EndProject
Project("{9A19103F-16F7-4668-BE54-9A1E7A4F7556}") = "devitecnologia.exemplo", "devitecnologia.exemplo\devitecnologia.exemplo.csproj", "{8ABA634A-DB1C-4716-B00D-1B13980B5E05}"
EndProject
Global
	GlobalSection(SolutionConfigurationPlatforms) = preSolution
		Debug|Any CPU = Debug|Any CPU
		Release|Any CPU = Release|Any CPU
	EndGlobalSection
	GlobalSection(ProjectConfigurationPlatforms) = postSolution
		{CCE533AE-4C2A-4FEB-8797-894BA6950E62}.Debug|Any CPU.ActiveCfg = Debug|Any CPU
		{CCE533AE-4C2A-4FEB-8797-894BA6950E62}.Debug|Any CPU.Build.0 = Debug|Any CPU
		{CCE533AE-4C2A-4FEB-8797-894BA6950E62}.Release|Any CPU.ActiveCfg = Release|Any CPU
		{CCE533AE-4C2A-4FEB-8797-894BA6950E62}.Release|Any CPU.Build.0 = Release|Any CPU
		{8ABA634A-DB1C-4716-B00D-1B13980B5E05}.Debug|Any CPU.ActiveCfg = Debug|Any CPU
		{8ABA634A-DB1C-4716-B00D-1B13980B5E05}.Debug|Any CPU.Build.0 = Debug|Any CPU
		{8ABA634A-DB1C-4716-B00D-1B13980B5E05}.Release|Any CPU.ActiveCfg = Release|Any CPU
		{8ABA634A-DB1C-4716-B00D-1B13980B5E05}.Release|Any CPU.Build.0 = Release|Any CPU
	EndGlobalSection
	GlobalSection(SolutionProperties) = preSolution
		HideSolutionNode = FALSE
	EndGlobalSection
	GlobalSection(ExtensibilityGlobals) = postSolution
		SolutionGuid = {35CC6FB1-A496-4809-8C88-D4172914A799}
	EndGlobalSection
EndGlobal
